
Microsoft Visual Studio Solution File, Format Version 12.00
# Visual Studio Version 16
VisualStudioVersion = 16.0.28917.182
MinimumVisualStudioVersion = 10.0.40219.1
Project("{9A19103F-16F7-4668-BE54-9A1E7A4F7556}") = "SampleDependencyInjectionFunctionApp", "SampleDependencyInjectionFunctionApp\SampleDependencyInjectionFunctionApp.csproj", "{4980BB1F-D72D-4231-9838-F64E86BC4373}"
EndProject
Project("{9A19103F-16F7-4668-BE54-9A1E7A4F7556}") = "SampleDependencyInjectionFunctionApp.Tests", "SampleDependencyInjectionFunctionApp.Tests\SampleDependencyInjectionFunctionApp.Tests.csproj", "{B91EF3E2-DE5D-40CF-B417-43DECDD41E50}"
EndProject
Project("{2150E333-8FDC-42A3-9474-1A3956D46DE8}") = "Solution Items", "Solution Items", "{4F13695C-4DDE-4441-AAE1-710331833B81}"
	ProjectSection(SolutionItems) = preProject
		README.md = README.md
	EndProjectSection
EndProject
Global
	GlobalSection(SolutionConfigurationPlatforms) = preSolution
		Debug|Any CPU = Debug|Any CPU
		Release|Any CPU = Release|Any CPU
	EndGlobalSection
	GlobalSection(ProjectConfigurationPlatforms) = postSolution
		{4980BB1F-D72D-4231-9838-F64E86BC4373}.Debug|Any CPU.ActiveCfg = Debug|Any CPU
		{4980BB1F-D72D-4231-9838-F64E86BC4373}.Debug|Any CPU.Build.0 = Debug|Any CPU
		{4980BB1F-D72D-4231-9838-F64E86BC4373}.Release|Any CPU.ActiveCfg = Release|Any CPU
		{4980BB1F-D72D-4231-9838-F64E86BC4373}.Release|Any CPU.Build.0 = Release|Any CPU
		{B91EF3E2-DE5D-40CF-B417-43DECDD41E50}.Debug|Any CPU.ActiveCfg = Debug|Any CPU
		{B91EF3E2-DE5D-40CF-B417-43DECDD41E50}.Debug|Any CPU.Build.0 = Debug|Any CPU
		{B91EF3E2-DE5D-40CF-B417-43DECDD41E50}.Release|Any CPU.ActiveCfg = Release|Any CPU
		{B91EF3E2-DE5D-40CF-B417-43DECDD41E50}.Release|Any CPU.Build.0 = Release|Any CPU
	EndGlobalSection
	GlobalSection(SolutionProperties) = preSolution
		HideSolutionNode = FALSE
	EndGlobalSection
	GlobalSection(ExtensibilityGlobals) = postSolution
		SolutionGuid = {98165F0B-0D49-4724-B85C-77776CA4747C}
	EndGlobalSection
EndGlobal
